
Microsoft Visual Studio Solution File, Format Version 12.00
# Visual Studio 15
VisualStudioVersion = 15.0.26730.16
MinimumVisualStudioVersion = 10.0.40219.1
Project("{FAE04EC0-301F-11D3-BF4B-00C04F79EFBC}") = "calculator App", "calculator App\calculator App.csproj", "{4159905B-321E-452E-9C70-C951A50EAFF5}"
EndProject
Global
	GlobalSection(SolutionConfigurationPlatforms) = preSolution
		Debug|Any CPU = Debug|Any CPU
		Release|Any CPU = Release|Any CPU
	EndGlobalSection
	GlobalSection(ProjectConfigurationPlatforms) = postSolution
		{4159905B-321E-452E-9C70-C951A50EAFF5}.Debug|Any CPU.ActiveCfg = Debug|Any CPU
		{4159905B-321E-452E-9C70-C951A50EAFF5}.Debug|Any CPU.Build.0 = Debug|Any CPU
		{4159905B-321E-452E-9C70-C951A50EAFF5}.Release|Any CPU.ActiveCfg = Release|Any CPU
		{4159905B-321E-452E-9C70-C951A50EAFF5}.Release|Any CPU.Build.0 = Release|Any CPU
	EndGlobalSection
	GlobalSection(SolutionProperties) = preSolution
		HideSolutionNode = FALSE
	EndGlobalSection
	GlobalSection(ExtensibilityGlobals) = postSolution
		SolutionGuid = {EC733FC3-7BE7-4F83-B92F-F410CDB08E7B}
	EndGlobalSection
EndGlobal
